
Microsoft Visual Studio Solution File, Format Version 12.00
# Visual Studio Version 16
VisualStudioVersion = 16.0.33130.400
MinimumVisualStudioVersion = 10.0.40219.1
Project("{FAE04EC0-301F-11D3-BF4B-00C04F79EFBC}") = "Odev1-Notlarım", "Odev1-Notlarım\Odev1-Notlarım.csproj", "{97A6CAE7-BF80-4064-82EA-BCC9B480863A}"
EndProject
Global
	GlobalSection(SolutionConfigurationPlatforms) = preSolution
		Debug|Any CPU = Debug|Any CPU
		Release|Any CPU = Release|Any CPU
	EndGlobalSection
	GlobalSection(ProjectConfigurationPlatforms) = postSolution
		{97A6CAE7-BF80-4064-82EA-BCC9B480863A}.Debug|Any CPU.ActiveCfg = Debug|Any CPU
		{97A6CAE7-BF80-4064-82EA-BCC9B480863A}.Debug|Any CPU.Build.0 = Debug|Any CPU
		{97A6CAE7-BF80-4064-82EA-BCC9B480863A}.Release|Any CPU.ActiveCfg = Release|Any CPU
		{97A6CAE7-BF80-4064-82EA-BCC9B480863A}.Release|Any CPU.Build.0 = Release|Any CPU
	EndGlobalSection
	GlobalSection(SolutionProperties) = preSolution
		HideSolutionNode = FALSE
	EndGlobalSection
	GlobalSection(ExtensibilityGlobals) = postSolution
		SolutionGuid = {03D42EFA-43BA-40FA-B4CB-DB0BD80F4E81}
	EndGlobalSection
EndGlobal
